
Microsoft Visual Studio Solution File, Format Version 12.00
# Visual Studio Version 17
VisualStudioVersion = 17.5.33516.290
MinimumVisualStudioVersion = 10.0.40219.1
Project("{9A19103F-16F7-4668-BE54-9A1E7A4F7556}") = "Minecraft", "Minecraft.csproj", "{CF0520C6-24A4-439E-8CD4-C788277CB12E}"
EndProject
Global
	GlobalSection(SolutionConfigurationPlatforms) = preSolution
		Debug|Any CPU = Debug|Any CPU
		Debug|x64 = Debug|x64
		Release|Any CPU = Release|Any CPU
		Release|x64 = Release|x64
	EndGlobalSection
	GlobalSection(ProjectConfigurationPlatforms) = postSolution
		{CF0520C6-24A4-439E-8CD4-C788277CB12E}.Debug|Any CPU.ActiveCfg = Debug|Any CPU
		{CF0520C6-24A4-439E-8CD4-C788277CB12E}.Debug|Any CPU.Build.0 = Debug|Any CPU
		{CF0520C6-24A4-439E-8CD4-C788277CB12E}.Debug|x64.ActiveCfg = Debug|x64
		{CF0520C6-24A4-439E-8CD4-C788277CB12E}.Debug|x64.Build.0 = Debug|x64
		{CF0520C6-24A4-439E-8CD4-C788277CB12E}.Release|Any CPU.ActiveCfg = Release|Any CPU
		{CF0520C6-24A4-439E-8CD4-C788277CB12E}.Release|Any CPU.Build.0 = Release|Any CPU
		{CF0520C6-24A4-439E-8CD4-C788277CB12E}.Release|x64.ActiveCfg = Release|x64
		{CF0520C6-24A4-439E-8CD4-C788277CB12E}.Release|x64.Build.0 = Release|x64
	EndGlobalSection
	GlobalSection(SolutionProperties) = preSolution
		HideSolutionNode = FALSE
	EndGlobalSection
	GlobalSection(ExtensibilityGlobals) = postSolution
		SolutionGuid = {4353E1EF-EB18-499F-84E4-13110AD1B4AB}
	EndGlobalSection
EndGlobal
